// !$*UTF8*$!
{
	archiveVersion = 1;
	classes = {
	};
	objectVersion = 46;
	objects = {

/* Begin PBXBuildFile section */
		0CF7047C1E824E1F00D79FDA /* PhotoHandler.swift in Sources */ = {isa = PBXBuildFile; fileRef = 0CF7047B1E824E1F00D79FDA /* PhotoHandler.swift */; };
		3C80E4AA1E7FE22C00CC6434 /* AppDelegate.swift in Sources */ = {isa = PBXBuildFile; fileRef = 3C80E4A91E7FE22C00CC6434 /* AppDelegate.swift */; };
		3C80E4AC1E7FE22C00CC6434 /* ViewController.swift in Sources */ = {isa = PBXBuildFile; fileRef = 3C80E4AB1E7FE22C00CC6434 /* ViewController.swift */; };
		3C80E4AF1E7FE22C00CC6434 /* Main.storyboard in Resources */ = {isa = PBXBuildFile; fileRef = 3C80E4AD1E7FE22C00CC6434 /* Main.storyboard */; };
		3C80E4B11E7FE22C00CC6434 /* Assets.xcassets in Resources */ = {isa = PBXBuildFile; fileRef = 3C80E4B01E7FE22C00CC6434 /* Assets.xcassets */; };
		3C80E4B41E7FE22C00CC6434 /* LaunchScreen.storyboard in Resources */ = {isa = PBXBuildFile; fileRef = 3C80E4B21E7FE22C00CC6434 /* LaunchScreen.storyboard */; };
		FACD04F21E8187C2003530AD /* Photo.swift in Sources */ = {isa = PBXBuildFile; fileRef = FACD04F11E8187C2003530AD /* Photo.swift */; };
		FACD04F61E818813003530AD /* PhotosService.swift in Sources */ = {isa = PBXBuildFile; fileRef = FACD04F51E818813003530AD /* PhotosService.swift */; };
		FACD04FB1E8194DE003530AD /* Extensions.swift in Sources */ = {isa = PBXBuildFile; fileRef = FACD04FA1E8194DE003530AD /* Extensions.swift */; };
		FACD04FE1E82ED4F003530AD /* DownloadImageService.swift in Sources */ = {isa = PBXBuildFile; fileRef = FACD04FD1E82ED4F003530AD /* DownloadImageService.swift */; };
/* End PBXBuildFile section */

/* Begin PBXFileReference section */
		0CF7047B1E824E1F00D79FDA /* PhotoHandler.swift */ = {isa = PBXFileReference; fileEncoding = 4; lastKnownFileType = sourcecode.swift; path = PhotoHandler.swift; sourceTree = "<group>"; };
		3C80E4A61E7FE22C00CC6434 /* MeziSample.app */ = {isa = PBXFileReference; explicitFileType = wrapper.application; includeInIndex = 0; path = MeziSample.app; sourceTree = BUILT_PRODUCTS_DIR; };
		3C80E4A91E7FE22C00CC6434 /* AppDelegate.swift */ = {isa = PBXFileReference; lastKnownFileType = sourcecode.swift; path = AppDelegate.swift; sourceTree = "<group>"; };
		3C80E4AB1E7FE22C00CC6434 /* ViewController.swift */ = {isa = PBXFileReference; lastKnownFileType = sourcecode.swift; path = ViewController.swift; sourceTree = "<group>"; };
		3C80E4AE1E7FE22C00CC6434 /* Base */ = {isa = PBXFileReference; lastKnownFileType = file.storyboard; name = Base; path = Base.lproj/Main.storyboard; sourceTree = "<group>"; };
		3C80E4B01E7FE22C00CC6434 /* Assets.xcassets */ = {isa = PBXFileReference; lastKnownFileType = folder.assetcatalog; path = Assets.xcassets; sourceTree = "<group>"; };
		3C80E4B31E7FE22C00CC6434 /* Base */ = {isa = PBXFileReference; lastKnownFileType = file.storyboard; name = Base; path = Base.lproj/LaunchScreen.storyboard; sourceTree = "<group>"; };
		3C80E4B51E7FE22C00CC6434 /* Info.plist */ = {isa = PBXFileReference; lastKnownFileType = text.plist.xml; path = Info.plist; sourceTree = "<group>"; };
		FACD04F11E8187C2003530AD /* Photo.swift */ = {isa = PBXFileReference; fileEncoding = 4; lastKnownFileType = sourcecode.swift; name = Photo.swift; path = Classes/Photo.swift; sourceTree = "<group>"; };
		FACD04F51E818813003530AD /* PhotosService.swift */ = {isa = PBXFileReference; fileEncoding = 4; lastKnownFileType = sourcecode.swift; name = PhotosService.swift; path = Classes/PhotosService.swift; sourceTree = "<group>"; };
		FACD04FA1E8194DE003530AD /* Extensions.swift */ = {isa = PBXFileReference; fileEncoding = 4; lastKnownFileType = sourcecode.swift; path = Extensions.swift; sourceTree = "<group>"; };
		FACD04FD1E82ED4F003530AD /* DownloadImageService.swift */ = {isa = PBXFileReference; fileEncoding = 4; lastKnownFileType = sourcecode.swift; path = DownloadImageService.swift; sourceTree = "<group>"; };
/* End PBXFileReference section */

/* Begin PBXFrameworksBuildPhase section */
		3C80E4A31E7FE22C00CC6434 /* Frameworks */ = {
			isa = PBXFrameworksBuildPhase;
			buildActionMask = 2147483647;
			files = (
			);
			runOnlyForDeploymentPostprocessing = 0;
		};
/* End PBXFrameworksBuildPhase section */

/* Begin PBXGroup section */
		3C80E49D1E7FE22B00CC6434 = {
			isa = PBXGroup;
			children = (
				3C80E4A81E7FE22C00CC6434 /* MeziSample */,
				3C80E4A71E7FE22C00CC6434 /* Products */,
			);
			sourceTree = "<group>";
		};
		3C80E4A71E7FE22C00CC6434 /* Products */ = {
			isa = PBXGroup;
			children = (
				3C80E4A61E7FE22C00CC6434 /* MeziSample.app */,
			);
			name = Products;
			sourceTree = "<group>";
		};
		3C80E4A81E7FE22C00CC6434 /* MeziSample */ = {
			isa = PBXGroup;
			children = (
				FACD04F91E81946F003530AD /* Utils */,
				3CE480691E810F4200B48FCC /* Modals */,
				3CE480681E810F3D00B48FCC /* Services */,
				3CE480671E810F3700B48FCC /* Controller */,
				3CE480661E810F3100B48FCC /* Delegate */,
				3CE4806A1E810F6400B48FCC /* Supporting Files */,
			);
			path = MeziSample;
			sourceTree = "<group>";
		};
		3CE480661E810F3100B48FCC /* Delegate */ = {
			isa = PBXGroup;
			children = (
				3C80E4A91E7FE22C00CC6434 /* AppDelegate.swift */,
			);
			name = Delegate;
			sourceTree = "<group>";
		};
		3CE480671E810F3700B48FCC /* Controller */ = {
			isa = PBXGroup;
			children = (
				3C80E4AB1E7FE22C00CC6434 /* ViewController.swift */,
				0CF7047B1E824E1F00D79FDA /* PhotoHandler.swift */,
			);
			name = Controller;
			sourceTree = "<group>";
		};
		3CE480681E810F3D00B48FCC /* Services */ = {
			isa = PBXGroup;
			children = (
				FACD04FC1E82ED38003530AD /* DownloadImage */,
				FACD04F41E8187E7003530AD /* Flikr Photos */,
			);
			name = Services;
			sourceTree = "<group>";
		};
		3CE480691E810F4200B48FCC /* Modals */ = {
			isa = PBXGroup;
			children = (
				FACD04F11E8187C2003530AD /* Photo.swift */,
			);
			name = Modals;
			sourceTree = "<group>";
		};
		3CE4806A1E810F6400B48FCC /* Supporting Files */ = {
			isa = PBXGroup;
			children = (
				3C80E4AD1E7FE22C00CC6434 /* Main.storyboard */,
				3C80E4B21E7FE22C00CC6434 /* LaunchScreen.storyboard */,
				3C80E4B01E7FE22C00CC6434 /* Assets.xcassets */,
				3C80E4B51E7FE22C00CC6434 /* Info.plist */,
			);
			name = "Supporting Files";
			sourceTree = "<group>";
		};
		FACD04F41E8187E7003530AD /* Flikr Photos */ = {
			isa = PBXGroup;
			children = (
				FACD04F51E818813003530AD /* PhotosService.swift */,
			);
			name = "Flikr Photos";
			sourceTree = "<group>";
		};
		FACD04F91E81946F003530AD /* Utils */ = {
			isa = PBXGroup;
			children = (
				FACD04FA1E8194DE003530AD /* Extensions.swift */,
			);
			name = Utils;
			sourceTree = "<group>";
		};
		FACD04FC1E82ED38003530AD /* DownloadImage */ = {
			isa = PBXGroup;
			children = (
				FACD04FD1E82ED4F003530AD /* DownloadImageService.swift */,
			);
			name = DownloadImage;
			sourceTree = "<group>";
		};
/* End PBXGroup section */

/* Begin PBXNativeTarget section */
		3C80E4A51E7FE22C00CC6434 /* MeziSample */ = {
			isa = PBXNativeTarget;
			buildConfigurationList = 3C80E4B81E7FE22C00CC6434 /* Build configuration list for PBXNativeTarget "MeziSample" */;
			buildPhases = (
				3C80E4A21E7FE22C00CC6434 /* Sources */,
				3C80E4A31E7FE22C00CC6434 /* Frameworks */,
				3C80E4A41E7FE22C00CC6434 /* Resources */,
			);
			buildRules = (
			);
			dependencies = (
			);
			name = MeziSample;
			productName = MeziSample;
			productReference = 3C80E4A61E7FE22C00CC6434 /* MeziSample.app */;
			productType = "com.apple.product-type.application";
		};
/* End PBXNativeTarget section */

/* Begin PBXProject section */
		3C80E49E1E7FE22C00CC6434 /* Project object */ = {
			isa = PBXProject;
			attributes = {
				LastSwiftUpdateCheck = 0820;
				LastUpgradeCheck = 0820;
				ORGANIZATIONNAME = "Tasin Zarkoob";
				TargetAttributes = {
					3C80E4A51E7FE22C00CC6434 = {
						CreatedOnToolsVersion = 8.2.1;
						ProvisioningStyle = Automatic;
					};
				};
			};
			buildConfigurationList = 3C80E4A11E7FE22C00CC6434 /* Build configuration list for PBXProject "MeziSample" */;
			compatibilityVersion = "Xcode 3.2";
			developmentRegion = English;
			hasScannedForEncodings = 0;
			knownRegions = (
				en,
				Base,
			);
			mainGroup = 3C80E49D1E7FE22B00CC6434;
			productRefGroup = 3C80E4A71E7FE22C00CC6434 /* Products */;
			projectDirPath = "";
			projectRoot = "";
			targets = (
				3C80E4A51E7FE22C00CC6434 /* MeziSample */,
			);
		};
/* End PBXProject section */

/* Begin PBXResourcesBuildPhase section */
		3C80E4A41E7FE22C00CC6434 /* Resources */ = {
			isa = PBXResourcesBuildPhase;
			buildActionMask = 2147483647;
			files = (
				3C80E4B41E7FE22C00CC6434 /* LaunchScreen.storyboard in Resources */,
				3C80E4B11E7FE22C00CC6434 /* Assets.xcassets in Resources */,
				3C80E4AF1E7FE22C00CC6434 /* Main.storyboard in Resources */,
			);
			runOnlyForDeploymentPostprocessing = 0;
		};
/* End PBXResourcesBuildPhase section */

/* Begin PBXSourcesBuildPhase section */
		3C80E4A21E7FE22C00CC6434 /* Sources */ = {
			isa = PBXSourcesBuildPhase;
			buildActionMask = 2147483647;
			files = (
				FACD04F21E8187C2003530AD /* Photo.swift in Sources */,
				FACD04FE1E82ED4F003530AD /* DownloadImageService.swift in Sources */,
				FACD04FB1E8194DE003530AD /* Extensions.swift in Sources */,
				3C80E4AC1E7FE22C00CC6434 /* ViewController.swift in Sources */,
				FACD04F61E818813003530AD /* PhotosService.swift in Sources */,
				3C80E4AA1E7FE22C00CC6434 /* AppDelegate.swift in Sources */,
				0CF7047C1E824E1F00D79FDA /* PhotoHandler.swift in Sources */,
			);
			runOnlyForDeploymentPostprocessing = 0;
		};
/* End PBXSourcesBuildPhase section */

/* Begin PBXVariantGroup section */
		3C80E4AD1E7FE22C00CC6434 /* Main.storyboard */ = {
			isa = PBXVariantGroup;
			children = (
				3C80E4AE1E7FE22C00CC6434 /* Base */,
			);
			name = Main.storyboard;
			sourceTree = "<group>";
		};
		3C80E4B21E7FE22C00CC6434 /* LaunchScreen.storyboard */ = {
			isa = PBXVariantGroup;
			children = (
				3C80E4B31E7FE22C00CC6434 /* Base */,
			);
			name = LaunchScreen.storyboard;
			sourceTree = "<group>";
		};
/* End PBXVariantGroup section */

/* Begin XCBuildConfiguration section */
		3C80E4B61E7FE22C00CC6434 /* Debug */ = {
			isa = XCBuildConfiguration;
			buildSettings = {
				ALWAYS_SEARCH_USER_PATHS = NO;
				CLANG_ANALYZER_NONNULL = YES;
				CLANG_CXX_LANGUAGE_STANDARD = "gnu++0x";
				CLANG_CXX_LIBRARY = "libc++";
				CLANG_ENABLE_MODULES = YES;
				CLANG_ENABLE_OBJC_ARC = YES;
				CLANG_WARN_BOOL_CONVERSION = YES;
				CLANG_WARN_CONSTANT_CONVERSION = YES;
				CLANG_WARN_DIRECT_OBJC_ISA_USAGE = YES_ERROR;
				CLANG_WARN_DOCUMENTATION_COMMENTS = YES;
				CLANG_WARN_EMPTY_BODY = YES;
				CLANG_WARN_ENUM_CONVERSION = YES;
				CLANG_WARN_INFINITE_RECURSION = YES;
				CLANG_WARN_INT_CONVERSION = YES;
				CLANG_WARN_OBJC_ROOT_CLASS = YES_ERROR;
				CLANG_WARN_SUSPICIOUS_MOVE = YES;
				CLANG_WARN_UNREACHABLE_CODE = YES;
				CLANG_WARN__DUPLICATE_METHOD_MATCH = YES;
				"CODE_SIGN_IDENTITY[sdk=iphoneos*]" = "iPhone Developer";
				COPY_PHASE_STRIP = NO;
				DEBUG_INFORMATION_FORMAT = dwarf;
				ENABLE_STRICT_OBJC_MSGSEND = YES;
				ENABLE_TESTABILITY = YES;
				GCC_C_LANGUAGE_STANDARD = gnu99;
				GCC_DYNAMIC_NO_PIC = NO;
				GCC_NO_COMMON_BLOCKS = YES;
				GCC_OPTIMIZATION_LEVEL = 0;
				GCC_PREPROCESSOR_DEFINITIONS = (
					"DEBUG=1",
					"$(inherited)",
				);
				GCC_WARN_64_TO_32_BIT_CONVERSION = YES;
				GCC_WARN_ABOUT_RETURN_TYPE = YES_ERROR;
				GCC_WARN_UNDECLARED_SELECTOR = YES;
				GCC_WARN_UNINITIALIZED_AUTOS = YES_AGGRESSIVE;
				GCC_WARN_UNUSED_FUNCTION = YES;
				GCC_WARN_UNUSED_VARIABLE = YES;
				IPHONEOS_DEPLOYMENT_TARGET = 10.2;
				MTL_ENABLE_DEBUG_INFO = YES;
				ONLY_ACTIVE_ARCH = YES;
				SDKROOT = iphoneos;
				SWIFT_ACTIVE_COMPILATION_CONDITIONS = DEBUG;
				SWIFT_OPTIMIZATION_LEVEL = "-Onone";
			};
			name = Debug;
		};
		3C80E4B71E7FE22C00CC6434 /* Release */ = {
			isa = XCBuildConfiguration;
			buildSettings = {
				ALWAYS_SEARCH_USER_PATHS = NO;
				CLANG_ANALYZER_NONNULL = YES;
				CLANG_CXX_LANGUAGE_STANDARD = "gnu++0x";
				CLANG_CXX_LIBRARY = "libc++";
				CLANG_ENABLE_MODULES = YES;
				CLANG_ENABLE_OBJC_ARC = YES;
				CLANG_WARN_BOOL_CONVERSION = YES;
				CLANG_WARN_CONSTANT_CONVERSION = YES;
				CLANG_WARN_DIRECT_OBJC_ISA_USAGE = YES_ERROR;
				CLANG_WARN_DOCUMENTATION_COMMENTS = YES;
				CLANG_WARN_EMPTY_BODY = YES;
				CLANG_WARN_ENUM_CONVERSION = YES;
				CLANG_WARN_INFINITE_RECURSION = YES;
				CLANG_WARN_INT_CONVERSION = YES;
				CLANG_WARN_OBJC_ROOT_CLASS = YES_ERROR;
				CLANG_WARN_SUSPICIOUS_MOVE = YES;
				CLANG_WARN_UNREACHABLE_CODE = YES;
				CLANG_WARN__DUPLICATE_METHOD_MATCH = YES;
				"CODE_SIGN_IDENTITY[sdk=iphoneos*]" = "iPhone Developer";
				COPY_PHASE_STRIP = NO;
				DEBUG_INFORMATION_FORMAT = "dwarf-with-dsym";
				ENABLE_NS_ASSERTIONS = NO;
				ENABLE_STRICT_OBJC_MSGSEND = YES;
				GCC_C_LANGUAGE_STANDARD = gnu99;
				GCC_NO_COMMON_BLOCKS = YES;
				GCC_WARN_64_TO_32_BIT_CONVERSION = YES;
				GCC_WARN_ABOUT_RETURN_TYPE = YES_ERROR;
				GCC_WARN_UNDECLARED_SELECTOR = YES;
				GCC_WARN_UNINITIALIZED_AUTOS = YES_AGGRESSIVE;
				GCC_WARN_UNUSED_FUNCTION = YES;
				GCC_WARN_UNUSED_VARIABLE = YES;
				IPHONEOS_DEPLOYMENT_TARGET = 10.2;
				MTL_ENABLE_DEBUG_INFO = NO;
				SDKROOT = iphoneos;
				SWIFT_OPTIMIZATION_LEVEL = "-Owholemodule";
				VALIDATE_PRODUCT = YES;
			};
			name = Release;
		};
		3C80E4B91E7FE22C00CC6434 /* Debug */ = {
			isa = XCBuildConfiguration;
			buildSettings = {
				ASSETCATALOG_COMPILER_APPICON_NAME = AppIcon;
				INFOPLIST_FILE = MeziSample/Info.plist;
				LD_RUNPATH_SEARCH_PATHS = "$(inherited) @executable_path/Frameworks";
				PRODUCT_BUNDLE_IDENTIFIER = apps.tasin.MeziSample;
				PRODUCT_NAME = "$(TARGET_NAME)";
				SWIFT_VERSION = 3.0;
			};
			name = Debug;
		};
		3C80E4BA1E7FE22C00CC6434 /* Release */ = {
			isa = XCBuildConfiguration;
			buildSettings = {
				ASSETCATALOG_COMPILER_APPICON_NAME = AppIcon;
				INFOPLIST_FILE = MeziSample/Info.plist;
				LD_RUNPATH_SEARCH_PATHS = "$(inherited) @executable_path/Frameworks";
				PRODUCT_BUNDLE_IDENTIFIER = apps.tasin.MeziSample;
				PRODUCT_NAME = "$(TARGET_NAME)";
				SWIFT_VERSION = 3.0;
			};
			name = Release;
		};
/* End XCBuildConfiguration section */

/* Begin XCConfigurationList section */
		3C80E4A11E7FE22C00CC6434 /* Build configuration list for PBXProject "MeziSample" */ = {
			isa = XCConfigurationList;
			buildConfigurations = (
				3C80E4B61E7FE22C00CC6434 /* Debug */,
				3C80E4B71E7FE22C00CC6434 /* Release */,
			);
			defaultConfigurationIsVisible = 0;
			defaultConfigurationName = Release;
		};
		3C80E4B81E7FE22C00CC6434 /* Build configuration list for PBXNativeTarget "MeziSample" */ = {
			isa = XCConfigurationList;
			buildConfigurations = (
				3C80E4B91E7FE22C00CC6434 /* Debug */,
				3C80E4BA1E7FE22C00CC6434 /* Release */,
			);
			defaultConfigurationIsVisible = 0;
			defaultConfigurationName = Release;
		};
/* End XCConfigurationList section */
	};
	rootObject = 3C80E49E1E7FE22C00CC6434 /* Project object */;
}
